
Microsoft Visual Studio Solution File, Format Version 12.00
# Visual Studio Version 17
VisualStudioVersion = 17.6.33829.357
MinimumVisualStudioVersion = 10.0.40219.1
Project("{9A19103F-16F7-4668-BE54-9A1E7A4F7556}") = "BlazingPizza", "BlazingPizza.csproj", "{9EE0EA53-6639-4120-BA4A-369600023993}"
EndProject
Global
	GlobalSection(SolutionConfigurationPlatforms) = preSolution
		Debug|Any CPU = Debug|Any CPU
		Release|Any CPU = Release|Any CPU
	EndGlobalSection
	GlobalSection(ProjectConfigurationPlatforms) = postSolution
		{9EE0EA53-6639-4120-BA4A-369600023993}.Debug|Any CPU.ActiveCfg = Debug|Any CPU
		{9EE0EA53-6639-4120-BA4A-369600023993}.Debug|Any CPU.Build.0 = Debug|Any CPU
		{9EE0EA53-6639-4120-BA4A-369600023993}.Release|Any CPU.ActiveCfg = Release|Any CPU
		{9EE0EA53-6639-4120-BA4A-369600023993}.Release|Any CPU.Build.0 = Release|Any CPU
	EndGlobalSection
	GlobalSection(SolutionProperties) = preSolution
		HideSolutionNode = FALSE
	EndGlobalSection
	GlobalSection(ExtensibilityGlobals) = postSolution
		SolutionGuid = {6DBBB068-AB8E-4EBC-95B2-95192637D586}
	EndGlobalSection
EndGlobal
